
Microsoft Visual Studio Solution File, Format Version 12.00
# Visual Studio Version 17
VisualStudioVersion = 17.0.31903.59
MinimumVisualStudioVersion = 10.0.40219.1
Project("{2150E333-8FDC-42A3-9474-1A3956D46DE8}") = "src", "src", "{827E0CD3-B72D-47B6-A68D-7590B98EB39B}"
EndProject
Project("{2150E333-8FDC-42A3-9474-1A3956D46DE8}") = "Gateway", "Gateway", "{6306A8FB-679E-111F-6585-8F70E0EE6013}"
EndProject
Project("{FAE04EC0-301F-11D3-BF4B-00C04F79EFBC}") = "CodingAgent.Gateway", "src\Gateway\CodingAgent.Gateway\CodingAgent.Gateway.csproj", "{6CF433C8-C7F5-4048-9172-F62DC8DF2D32}"
EndProject
Project("{2150E333-8FDC-42A3-9474-1A3956D46DE8}") = "Services", "Services", "{984BB9B3-3FA3-BE33-9484-CAC21695A33C}"
EndProject
Project("{2150E333-8FDC-42A3-9474-1A3956D46DE8}") = "Browser", "Browser", "{288BFA0D-BF7B-1D93-D91C-982DF09FCFD0}"
EndProject
Project("{FAE04EC0-301F-11D3-BF4B-00C04F79EFBC}") = "CodingAgent.Services.Browser", "src\Services\Browser\CodingAgent.Services.Browser\CodingAgent.Services.Browser.csproj", "{7B396F00-2570-412A-8EBA-F5D776F0CD7F}"
EndProject
Project("{FAE04EC0-301F-11D3-BF4B-00C04F79EFBC}") = "CodingAgent.Services.Browser.Tests", "src\Services\Browser\CodingAgent.Services.Browser.Tests\CodingAgent.Services.Browser.Tests.csproj", "{8AEA2C91-DECA-43A5-A5D9-07F6A0F412F9}"
EndProject
Project("{2150E333-8FDC-42A3-9474-1A3956D46DE8}") = "Chat", "Chat", "{DBEBE0B0-B5B0-423B-D75D-3F5D7183D7B8}"
EndProject
Project("{FAE04EC0-301F-11D3-BF4B-00C04F79EFBC}") = "CodingAgent.Services.Chat", "src\Services\Chat\CodingAgent.Services.Chat\CodingAgent.Services.Chat.csproj", "{4A65BCEE-2729-44A7-B4E8-7B1F0A47E5CC}"
EndProject
Project("{2150E333-8FDC-42A3-9474-1A3956D46DE8}") = "CICDMonitor", "CICDMonitor", "{A2348660-A1D6-93FC-E6C0-E64D212F3DAD}"
EndProject
Project("{FAE04EC0-301F-11D3-BF4B-00C04F79EFBC}") = "CodingAgent.Services.CICDMonitor", "src\Services\CICDMonitor\CodingAgent.Services.CICDMonitor\CodingAgent.Services.CICDMonitor.csproj", "{36D35DFE-4C01-4857-B406-7DB8A8EA9615}"
EndProject
Project("{2150E333-8FDC-42A3-9474-1A3956D46DE8}") = "Dashboard", "Dashboard", "{CE8799AF-C6EB-7A55-EBD8-1FC00B933550}"
EndProject
Project("{FAE04EC0-301F-11D3-BF4B-00C04F79EFBC}") = "CodingAgent.Services.Dashboard", "src\Services\Dashboard\CodingAgent.Services.Dashboard\CodingAgent.Services.Dashboard.csproj", "{69D74551-7345-4D54-82CC-F66A92BAAAF3}"
EndProject
Project("{2150E333-8FDC-42A3-9474-1A3956D46DE8}") = "GitHub", "GitHub", "{A0C1C103-EB3B-5127-88E4-22F08F363B53}"
EndProject
Project("{FAE04EC0-301F-11D3-BF4B-00C04F79EFBC}") = "CodingAgent.Services.GitHub", "src\Services\GitHub\CodingAgent.Services.GitHub\CodingAgent.Services.GitHub.csproj", "{CE9704BE-6C06-43EE-A00E-53BCBCCEB0CF}"
EndProject
Project("{2150E333-8FDC-42A3-9474-1A3956D46DE8}") = "Orchestration", "Orchestration", "{7E896AC2-AA1F-34AB-4A36-C33D5B4D204C}"
EndProject
Project("{FAE04EC0-301F-11D3-BF4B-00C04F79EFBC}") = "CodingAgent.Services.Orchestration", "src\Services\Orchestration\CodingAgent.Services.Orchestration\CodingAgent.Services.Orchestration.csproj", "{C4DBE7E3-D9AA-4C43-9395-F133999A8BBA}"
EndProject
Project("{2150E333-8FDC-42A3-9474-1A3956D46DE8}") = "SharedKernel", "SharedKernel", "{85F909CB-8F14-ECC8-BA9D-713D1771907F}"
EndProject
Project("{FAE04EC0-301F-11D3-BF4B-00C04F79EFBC}") = "CodingAgent.SharedKernel", "src\SharedKernel\CodingAgent.SharedKernel\CodingAgent.SharedKernel.csproj", "{8BA212E7-CB35-4B94-8E3B-432D03D91A8F}"
EndProject
Project("{FAE04EC0-301F-11D3-BF4B-00C04F79EFBC}") = "CodingAgent.SharedKernel.Tests", "src\SharedKernel\CodingAgent.SharedKernel.Tests\CodingAgent.SharedKernel.Tests.csproj", "{6328B25D-CDA9-4540-8ED2-AC21BA2826D0}"
EndProject
Global
	GlobalSection(SolutionConfigurationPlatforms) = preSolution
		Debug|Any CPU = Debug|Any CPU
		Debug|x64 = Debug|x64
		Debug|x86 = Debug|x86
		Release|Any CPU = Release|Any CPU
		Release|x64 = Release|x64
		Release|x86 = Release|x86
	EndGlobalSection
	GlobalSection(ProjectConfigurationPlatforms) = postSolution
		{6CF433C8-C7F5-4048-9172-F62DC8DF2D32}.Debug|Any CPU.ActiveCfg = Debug|Any CPU
		{6CF433C8-C7F5-4048-9172-F62DC8DF2D32}.Debug|Any CPU.Build.0 = Debug|Any CPU
		{6CF433C8-C7F5-4048-9172-F62DC8DF2D32}.Debug|x64.ActiveCfg = Debug|Any CPU
		{6CF433C8-C7F5-4048-9172-F62DC8DF2D32}.Debug|x64.Build.0 = Debug|Any CPU
		{6CF433C8-C7F5-4048-9172-F62DC8DF2D32}.Debug|x86.ActiveCfg = Debug|Any CPU
		{6CF433C8-C7F5-4048-9172-F62DC8DF2D32}.Debug|x86.Build.0 = Debug|Any CPU
		{6CF433C8-C7F5-4048-9172-F62DC8DF2D32}.Release|Any CPU.ActiveCfg = Release|Any CPU
		{6CF433C8-C7F5-4048-9172-F62DC8DF2D32}.Release|Any CPU.Build.0 = Release|Any CPU
		{6CF433C8-C7F5-4048-9172-F62DC8DF2D32}.Release|x64.ActiveCfg = Release|Any CPU
		{6CF433C8-C7F5-4048-9172-F62DC8DF2D32}.Release|x64.Build.0 = Release|Any CPU
		{6CF433C8-C7F5-4048-9172-F62DC8DF2D32}.Release|x86.ActiveCfg = Release|Any CPU
		{6CF433C8-C7F5-4048-9172-F62DC8DF2D32}.Release|x86.Build.0 = Release|Any CPU
		{7B396F00-2570-412A-8EBA-F5D776F0CD7F}.Debug|Any CPU.ActiveCfg = Debug|Any CPU
		{7B396F00-2570-412A-8EBA-F5D776F0CD7F}.Debug|Any CPU.Build.0 = Debug|Any CPU
		{7B396F00-2570-412A-8EBA-F5D776F0CD7F}.Debug|x64.ActiveCfg = Debug|Any CPU
		{7B396F00-2570-412A-8EBA-F5D776F0CD7F}.Debug|x64.Build.0 = Debug|Any CPU
		{7B396F00-2570-412A-8EBA-F5D776F0CD7F}.Debug|x86.ActiveCfg = Debug|Any CPU
		{7B396F00-2570-412A-8EBA-F5D776F0CD7F}.Debug|x86.Build.0 = Debug|Any CPU
		{7B396F00-2570-412A-8EBA-F5D776F0CD7F}.Release|Any CPU.ActiveCfg = Release|Any CPU
		{7B396F00-2570-412A-8EBA-F5D776F0CD7F}.Release|Any CPU.Build.0 = Release|Any CPU
		{7B396F00-2570-412A-8EBA-F5D776F0CD7F}.Release|x64.ActiveCfg = Release|Any CPU
		{7B396F00-2570-412A-8EBA-F5D776F0CD7F}.Release|x64.Build.0 = Release|Any CPU
		{7B396F00-2570-412A-8EBA-F5D776F0CD7F}.Release|x86.ActiveCfg = Release|Any CPU
		{7B396F00-2570-412A-8EBA-F5D776F0CD7F}.Release|x86.Build.0 = Release|Any CPU
		{8AEA2C91-DECA-43A5-A5D9-07F6A0F412F9}.Debug|Any CPU.ActiveCfg = Debug|Any CPU
		{8AEA2C91-DECA-43A5-A5D9-07F6A0F412F9}.Debug|Any CPU.Build.0 = Debug|Any CPU
		{8AEA2C91-DECA-43A5-A5D9-07F6A0F412F9}.Debug|x64.ActiveCfg = Debug|Any CPU
		{8AEA2C91-DECA-43A5-A5D9-07F6A0F412F9}.Debug|x64.Build.0 = Debug|Any CPU
		{8AEA2C91-DECA-43A5-A5D9-07F6A0F412F9}.Debug|x86.ActiveCfg = Debug|Any CPU
		{8AEA2C91-DECA-43A5-A5D9-07F6A0F412F9}.Debug|x86.Build.0 = Debug|Any CPU
		{8AEA2C91-DECA-43A5-A5D9-07F6A0F412F9}.Release|Any CPU.ActiveCfg = Release|Any CPU
		{8AEA2C91-DECA-43A5-A5D9-07F6A0F412F9}.Release|Any CPU.Build.0 = Release|Any CPU
		{8AEA2C91-DECA-43A5-A5D9-07F6A0F412F9}.Release|x64.ActiveCfg = Release|Any CPU
		{8AEA2C91-DECA-43A5-A5D9-07F6A0F412F9}.Release|x64.Build.0 = Release|Any CPU
		{8AEA2C91-DECA-43A5-A5D9-07F6A0F412F9}.Release|x86.ActiveCfg = Release|Any CPU
		{8AEA2C91-DECA-43A5-A5D9-07F6A0F412F9}.Release|x86.Build.0 = Release|Any CPU
		{4A65BCEE-2729-44A7-B4E8-7B1F0A47E5CC}.Debug|Any CPU.ActiveCfg = Debug|Any CPU
		{4A65BCEE-2729-44A7-B4E8-7B1F0A47E5CC}.Debug|Any CPU.Build.0 = Debug|Any CPU
		{4A65BCEE-2729-44A7-B4E8-7B1F0A47E5CC}.Debug|x64.ActiveCfg = Debug|Any CPU
		{4A65BCEE-2729-44A7-B4E8-7B1F0A47E5CC}.Debug|x64.Build.0 = Debug|Any CPU
		{4A65BCEE-2729-44A7-B4E8-7B1F0A47E5CC}.Debug|x86.ActiveCfg = Debug|Any CPU
		{4A65BCEE-2729-44A7-B4E8-7B1F0A47E5CC}.Debug|x86.Build.0 = Debug|Any CPU
		{4A65BCEE-2729-44A7-B4E8-7B1F0A47E5CC}.Release|Any CPU.ActiveCfg = Release|Any CPU
		{4A65BCEE-2729-44A7-B4E8-7B1F0A47E5CC}.Release|Any CPU.Build.0 = Release|Any CPU
		{4A65BCEE-2729-44A7-B4E8-7B1F0A47E5CC}.Release|x64.ActiveCfg = Release|Any CPU
		{4A65BCEE-2729-44A7-B4E8-7B1F0A47E5CC}.Release|x64.Build.0 = Release|Any CPU
		{4A65BCEE-2729-44A7-B4E8-7B1F0A47E5CC}.Release|x86.ActiveCfg = Release|Any CPU
		{4A65BCEE-2729-44A7-B4E8-7B1F0A47E5CC}.Release|x86.Build.0 = Release|Any CPU
		{36D35DFE-4C01-4857-B406-7DB8A8EA9615}.Debug|Any CPU.ActiveCfg = Debug|Any CPU
		{36D35DFE-4C01-4857-B406-7DB8A8EA9615}.Debug|Any CPU.Build.0 = Debug|Any CPU
		{36D35DFE-4C01-4857-B406-7DB8A8EA9615}.Debug|x64.ActiveCfg = Debug|Any CPU
		{36D35DFE-4C01-4857-B406-7DB8A8EA9615}.Debug|x64.Build.0 = Debug|Any CPU
		{36D35DFE-4C01-4857-B406-7DB8A8EA9615}.Debug|x86.ActiveCfg = Debug|Any CPU
		{36D35DFE-4C01-4857-B406-7DB8A8EA9615}.Debug|x86.Build.0 = Debug|Any CPU
		{36D35DFE-4C01-4857-B406-7DB8A8EA9615}.Release|Any CPU.ActiveCfg = Release|Any CPU
		{36D35DFE-4C01-4857-B406-7DB8A8EA9615}.Release|Any CPU.Build.0 = Release|Any CPU
		{36D35DFE-4C01-4857-B406-7DB8A8EA9615}.Release|x64.ActiveCfg = Release|Any CPU
		{36D35DFE-4C01-4857-B406-7DB8A8EA9615}.Release|x64.Build.0 = Release|Any CPU
		{36D35DFE-4C01-4857-B406-7DB8A8EA9615}.Release|x86.ActiveCfg = Release|Any CPU
		{36D35DFE-4C01-4857-B406-7DB8A8EA9615}.Release|x86.Build.0 = Release|Any CPU
		{69D74551-7345-4D54-82CC-F66A92BAAAF3}.Debug|Any CPU.ActiveCfg = Debug|Any CPU
		{69D74551-7345-4D54-82CC-F66A92BAAAF3}.Debug|Any CPU.Build.0 = Debug|Any CPU
		{69D74551-7345-4D54-82CC-F66A92BAAAF3}.Debug|x64.ActiveCfg = Debug|Any CPU
		{69D74551-7345-4D54-82CC-F66A92BAAAF3}.Debug|x64.Build.0 = Debug|Any CPU
		{69D74551-7345-4D54-82CC-F66A92BAAAF3}.Debug|x86.ActiveCfg = Debug|Any CPU
		{69D74551-7345-4D54-82CC-F66A92BAAAF3}.Debug|x86.Build.0 = Debug|Any CPU
		{69D74551-7345-4D54-82CC-F66A92BAAAF3}.Release|Any CPU.ActiveCfg = Release|Any CPU
		{69D74551-7345-4D54-82CC-F66A92BAAAF3}.Release|Any CPU.Build.0 = Release|Any CPU
		{69D74551-7345-4D54-82CC-F66A92BAAAF3}.Release|x64.ActiveCfg = Release|Any CPU
		{69D74551-7345-4D54-82CC-F66A92BAAAF3}.Release|x64.Build.0 = Release|Any CPU
		{69D74551-7345-4D54-82CC-F66A92BAAAF3}.Release|x86.ActiveCfg = Release|Any CPU
		{69D74551-7345-4D54-82CC-F66A92BAAAF3}.Release|x86.Build.0 = Release|Any CPU
		{CE9704BE-6C06-43EE-A00E-53BCBCCEB0CF}.Debug|Any CPU.ActiveCfg = Debug|Any CPU
		{CE9704BE-6C06-43EE-A00E-53BCBCCEB0CF}.Debug|Any CPU.Build.0 = Debug|Any CPU
		{CE9704BE-6C06-43EE-A00E-53BCBCCEB0CF}.Debug|x64.ActiveCfg = Debug|Any CPU
		{CE9704BE-6C06-43EE-A00E-53BCBCCEB0CF}.Debug|x64.Build.0 = Debug|Any CPU
		{CE9704BE-6C06-43EE-A00E-53BCBCCEB0CF}.Debug|x86.ActiveCfg = Debug|Any CPU
		{CE9704BE-6C06-43EE-A00E-53BCBCCEB0CF}.Debug|x86.Build.0 = Debug|Any CPU
		{CE9704BE-6C06-43EE-A00E-53BCBCCEB0CF}.Release|Any CPU.ActiveCfg = Release|Any CPU
		{CE9704BE-6C06-43EE-A00E-53BCBCCEB0CF}.Release|Any CPU.Build.0 = Release|Any CPU
		{CE9704BE-6C06-43EE-A00E-53BCBCCEB0CF}.Release|x64.ActiveCfg = Release|Any CPU
		{CE9704BE-6C06-43EE-A00E-53BCBCCEB0CF}.Release|x64.Build.0 = Release|Any CPU
		{CE9704BE-6C06-43EE-A00E-53BCBCCEB0CF}.Release|x86.ActiveCfg = Release|Any CPU
		{CE9704BE-6C06-43EE-A00E-53BCBCCEB0CF}.Release|x86.Build.0 = Release|Any CPU
		{C4DBE7E3-D9AA-4C43-9395-F133999A8BBA}.Debug|Any CPU.ActiveCfg = Debug|Any CPU
		{C4DBE7E3-D9AA-4C43-9395-F133999A8BBA}.Debug|Any CPU.Build.0 = Debug|Any CPU
		{C4DBE7E3-D9AA-4C43-9395-F133999A8BBA}.Debug|x64.ActiveCfg = Debug|Any CPU
		{C4DBE7E3-D9AA-4C43-9395-F133999A8BBA}.Debug|x64.Build.0 = Debug|Any CPU
		{C4DBE7E3-D9AA-4C43-9395-F133999A8BBA}.Debug|x86.ActiveCfg = Debug|Any CPU
		{C4DBE7E3-D9AA-4C43-9395-F133999A8BBA}.Debug|x86.Build.0 = Debug|Any CPU
		{C4DBE7E3-D9AA-4C43-9395-F133999A8BBA}.Release|Any CPU.ActiveCfg = Release|Any CPU
		{C4DBE7E3-D9AA-4C43-9395-F133999A8BBA}.Release|Any CPU.Build.0 = Release|Any CPU
		{C4DBE7E3-D9AA-4C43-9395-F133999A8BBA}.Release|x64.ActiveCfg = Release|Any CPU
		{C4DBE7E3-D9AA-4C43-9395-F133999A8BBA}.Release|x64.Build.0 = Release|Any CPU
		{C4DBE7E3-D9AA-4C43-9395-F133999A8BBA}.Release|x86.ActiveCfg = Release|Any CPU
		{C4DBE7E3-D9AA-4C43-9395-F133999A8BBA}.Release|x86.Build.0 = Release|Any CPU
		{8BA212E7-CB35-4B94-8E3B-432D03D91A8F}.Debug|Any CPU.ActiveCfg = Debug|Any CPU
		{8BA212E7-CB35-4B94-8E3B-432D03D91A8F}.Debug|Any CPU.Build.0 = Debug|Any CPU
		{8BA212E7-CB35-4B94-8E3B-432D03D91A8F}.Debug|x64.ActiveCfg = Debug|Any CPU
		{8BA212E7-CB35-4B94-8E3B-432D03D91A8F}.Debug|x64.Build.0 = Debug|Any CPU
		{8BA212E7-CB35-4B94-8E3B-432D03D91A8F}.Debug|x86.ActiveCfg = Debug|Any CPU
		{8BA212E7-CB35-4B94-8E3B-432D03D91A8F}.Debug|x86.Build.0 = Debug|Any CPU
		{8BA212E7-CB35-4B94-8E3B-432D03D91A8F}.Release|Any CPU.ActiveCfg = Release|Any CPU
		{8BA212E7-CB35-4B94-8E3B-432D03D91A8F}.Release|Any CPU.Build.0 = Release|Any CPU
		{8BA212E7-CB35-4B94-8E3B-432D03D91A8F}.Release|x64.ActiveCfg = Release|Any CPU
		{8BA212E7-CB35-4B94-8E3B-432D03D91A8F}.Release|x64.Build.0 = Release|Any CPU
		{8BA212E7-CB35-4B94-8E3B-432D03D91A8F}.Release|x86.ActiveCfg = Release|Any CPU
		{8BA212E7-CB35-4B94-8E3B-432D03D91A8F}.Release|x86.Build.0 = Release|Any CPU
		{6328B25D-CDA9-4540-8ED2-AC21BA2826D0}.Debug|Any CPU.ActiveCfg = Debug|Any CPU
		{6328B25D-CDA9-4540-8ED2-AC21BA2826D0}.Debug|Any CPU.Build.0 = Debug|Any CPU
		{6328B25D-CDA9-4540-8ED2-AC21BA2826D0}.Debug|x64.ActiveCfg = Debug|Any CPU
		{6328B25D-CDA9-4540-8ED2-AC21BA2826D0}.Debug|x64.Build.0 = Debug|Any CPU
		{6328B25D-CDA9-4540-8ED2-AC21BA2826D0}.Debug|x86.ActiveCfg = Debug|Any CPU
		{6328B25D-CDA9-4540-8ED2-AC21BA2826D0}.Debug|x86.Build.0 = Debug|Any CPU
		{6328B25D-CDA9-4540-8ED2-AC21BA2826D0}.Release|Any CPU.ActiveCfg = Release|Any CPU
		{6328B25D-CDA9-4540-8ED2-AC21BA2826D0}.Release|Any CPU.Build.0 = Release|Any CPU
		{6328B25D-CDA9-4540-8ED2-AC21BA2826D0}.Release|x64.ActiveCfg = Release|Any CPU
		{6328B25D-CDA9-4540-8ED2-AC21BA2826D0}.Release|x64.Build.0 = Release|Any CPU
		{6328B25D-CDA9-4540-8ED2-AC21BA2826D0}.Release|x86.ActiveCfg = Release|Any CPU
		{6328B25D-CDA9-4540-8ED2-AC21BA2826D0}.Release|x86.Build.0 = Release|Any CPU
	EndGlobalSection
	GlobalSection(SolutionProperties) = preSolution
		HideSolutionNode = FALSE
	EndGlobalSection
	GlobalSection(NestedProjects) = preSolution
		{6306A8FB-679E-111F-6585-8F70E0EE6013} = {827E0CD3-B72D-47B6-A68D-7590B98EB39B}
		{6CF433C8-C7F5-4048-9172-F62DC8DF2D32} = {6306A8FB-679E-111F-6585-8F70E0EE6013}
		{984BB9B3-3FA3-BE33-9484-CAC21695A33C} = {827E0CD3-B72D-47B6-A68D-7590B98EB39B}
		{288BFA0D-BF7B-1D93-D91C-982DF09FCFD0} = {984BB9B3-3FA3-BE33-9484-CAC21695A33C}
		{7B396F00-2570-412A-8EBA-F5D776F0CD7F} = {288BFA0D-BF7B-1D93-D91C-982DF09FCFD0}
		{8AEA2C91-DECA-43A5-A5D9-07F6A0F412F9} = {288BFA0D-BF7B-1D93-D91C-982DF09FCFD0}
		{DBEBE0B0-B5B0-423B-D75D-3F5D7183D7B8} = {984BB9B3-3FA3-BE33-9484-CAC21695A33C}
		{4A65BCEE-2729-44A7-B4E8-7B1F0A47E5CC} = {DBEBE0B0-B5B0-423B-D75D-3F5D7183D7B8}
		{A2348660-A1D6-93FC-E6C0-E64D212F3DAD} = {984BB9B3-3FA3-BE33-9484-CAC21695A33C}
		{36D35DFE-4C01-4857-B406-7DB8A8EA9615} = {A2348660-A1D6-93FC-E6C0-E64D212F3DAD}
		{CE8799AF-C6EB-7A55-EBD8-1FC00B933550} = {984BB9B3-3FA3-BE33-9484-CAC21695A33C}
		{69D74551-7345-4D54-82CC-F66A92BAAAF3} = {CE8799AF-C6EB-7A55-EBD8-1FC00B933550}
		{A0C1C103-EB3B-5127-88E4-22F08F363B53} = {984BB9B3-3FA3-BE33-9484-CAC21695A33C}
		{CE9704BE-6C06-43EE-A00E-53BCBCCEB0CF} = {A0C1C103-EB3B-5127-88E4-22F08F363B53}
		{7E896AC2-AA1F-34AB-4A36-C33D5B4D204C} = {984BB9B3-3FA3-BE33-9484-CAC21695A33C}
		{C4DBE7E3-D9AA-4C43-9395-F133999A8BBA} = {7E896AC2-AA1F-34AB-4A36-C33D5B4D204C}
		{85F909CB-8F14-ECC8-BA9D-713D1771907F} = {827E0CD3-B72D-47B6-A68D-7590B98EB39B}
		{8BA212E7-CB35-4B94-8E3B-432D03D91A8F} = {85F909CB-8F14-ECC8-BA9D-713D1771907F}
		{6328B25D-CDA9-4540-8ED2-AC21BA2826D0} = {85F909CB-8F14-ECC8-BA9D-713D1771907F}
	EndGlobalSection
EndGlobal
